
Microsoft Visual Studio Solution File, Format Version 12.00
# Visual Studio Version 17
VisualStudioVersion = 17.10.35013.160
MinimumVisualStudioVersion = 10.0.40219.1
Project("{9A19103F-16F7-4668-BE54-9A1E7A4F7556}") = "API", "API\API.csproj", "{7E227360-A1E1-43E7-A7EA-7DD4ED543D61}"
EndProject
Project("{54A90642-561A-4BB1-A94E-469ADEE60C69}") = "FrontEnd", "FrontEnd\FrontEnd.esproj", "{43CCAE6C-87F8-46A9-AA03-DD25EA198FE8}"
EndProject
Project("{2150E333-8FDC-42A3-9474-1A3956D46DE8}") = "Solution Items", "Solution Items", "{BBA2424F-24DE-4073-9850-D0429970DE67}"
	ProjectSection(SolutionItems) = preProject
		README.md = README.md
	EndProjectSection
EndProject
Project("{FAE04EC0-301F-11D3-BF4B-00C04F79EFBC}") = "API.Tests", "API.Tests\API.Tests.csproj", "{1F538B71-2164-4466-9A0C-5818CECB823F}"
EndProject
Global
	GlobalSection(SolutionConfigurationPlatforms) = preSolution
		Debug|Any CPU = Debug|Any CPU
		Release|Any CPU = Release|Any CPU
	EndGlobalSection
	GlobalSection(ProjectConfigurationPlatforms) = postSolution
		{7E227360-A1E1-43E7-A7EA-7DD4ED543D61}.Debug|Any CPU.ActiveCfg = Debug|Any CPU
		{7E227360-A1E1-43E7-A7EA-7DD4ED543D61}.Debug|Any CPU.Build.0 = Debug|Any CPU
		{7E227360-A1E1-43E7-A7EA-7DD4ED543D61}.Release|Any CPU.ActiveCfg = Release|Any CPU
		{7E227360-A1E1-43E7-A7EA-7DD4ED543D61}.Release|Any CPU.Build.0 = Release|Any CPU
		{43CCAE6C-87F8-46A9-AA03-DD25EA198FE8}.Debug|Any CPU.ActiveCfg = Debug|Any CPU
		{43CCAE6C-87F8-46A9-AA03-DD25EA198FE8}.Debug|Any CPU.Build.0 = Debug|Any CPU
		{43CCAE6C-87F8-46A9-AA03-DD25EA198FE8}.Debug|Any CPU.Deploy.0 = Debug|Any CPU
		{43CCAE6C-87F8-46A9-AA03-DD25EA198FE8}.Release|Any CPU.ActiveCfg = Release|Any CPU
		{43CCAE6C-87F8-46A9-AA03-DD25EA198FE8}.Release|Any CPU.Build.0 = Release|Any CPU
		{43CCAE6C-87F8-46A9-AA03-DD25EA198FE8}.Release|Any CPU.Deploy.0 = Release|Any CPU
		{1F538B71-2164-4466-9A0C-5818CECB823F}.Debug|Any CPU.ActiveCfg = Debug|Any CPU
		{1F538B71-2164-4466-9A0C-5818CECB823F}.Debug|Any CPU.Build.0 = Debug|Any CPU
		{1F538B71-2164-4466-9A0C-5818CECB823F}.Release|Any CPU.ActiveCfg = Release|Any CPU
		{1F538B71-2164-4466-9A0C-5818CECB823F}.Release|Any CPU.Build.0 = Release|Any CPU
	EndGlobalSection
	GlobalSection(SolutionProperties) = preSolution
		HideSolutionNode = FALSE
	EndGlobalSection
	GlobalSection(ExtensibilityGlobals) = postSolution
		SolutionGuid = {335D628B-BA33-4B20-BAE0-441EA0A553BC}
	EndGlobalSection
EndGlobal
